
Microsoft Visual Studio Solution File, Format Version 12.00
# Visual Studio 15
VisualStudioVersion = 15.0.26124.0
MinimumVisualStudioVersion = 15.0.26124.0
Project("{2150E333-8FDC-42A3-9474-1A3956D46DE8}") = "src", "src", "{C33EC1D4-5401-47CC-9652-9F2C4A7236E0}"
EndProject
Project("{FAE04EC0-301F-11D3-BF4B-00C04F79EFBC}") = "FbRestaurantsBot.Tests", "test\FbRestaurantsBot.Tests\FbRestaurantsBot.Tests.csproj", "{BC74EE37-0FEE-4DE1-9B64-5FDB30E531FC}"
EndProject
Project("{FAE04EC0-301F-11D3-BF4B-00C04F79EFBC}") = "FbRestaurantsBot.Core", "src\FbRestaurantsBot.Core\FbRestaurantsBot.Core.csproj", "{8729C12D-E7A2-45DB-A970-494F8622ECB1}"
EndProject
Project("{FAE04EC0-301F-11D3-BF4B-00C04F79EFBC}") = "FbRestaurantsBot.Infrastructure", "src\FbRestaurantsBot.Infrastructure\FbRestaurantsBot.Infrastructure.csproj", "{06B133C6-B2DA-49BB-99A3-F5E5050122F4}"
EndProject
Project("{FAE04EC0-301F-11D3-BF4B-00C04F79EFBC}") = "FbRestaurantsBot.Api", "src\FbRestaurantsBot.Api\FbRestaurantsBot.Api.csproj", "{4F3EB954-091F-49C7-9DFD-0CB89E59F2C6}"
EndProject
Global
	GlobalSection(SolutionConfigurationPlatforms) = preSolution
		Debug|Any CPU = Debug|Any CPU
		Debug|x64 = Debug|x64
		Debug|x86 = Debug|x86
		Release|Any CPU = Release|Any CPU
		Release|x64 = Release|x64
		Release|x86 = Release|x86
	EndGlobalSection
	GlobalSection(SolutionProperties) = preSolution
		HideSolutionNode = FALSE
	EndGlobalSection
	GlobalSection(ProjectConfigurationPlatforms) = postSolution
		{BC74EE37-0FEE-4DE1-9B64-5FDB30E531FC}.Debug|Any CPU.ActiveCfg = Debug|Any CPU
		{BC74EE37-0FEE-4DE1-9B64-5FDB30E531FC}.Debug|Any CPU.Build.0 = Debug|Any CPU
		{BC74EE37-0FEE-4DE1-9B64-5FDB30E531FC}.Debug|x64.ActiveCfg = Debug|Any CPU
		{BC74EE37-0FEE-4DE1-9B64-5FDB30E531FC}.Debug|x64.Build.0 = Debug|Any CPU
		{BC74EE37-0FEE-4DE1-9B64-5FDB30E531FC}.Debug|x86.ActiveCfg = Debug|Any CPU
		{BC74EE37-0FEE-4DE1-9B64-5FDB30E531FC}.Debug|x86.Build.0 = Debug|Any CPU
		{BC74EE37-0FEE-4DE1-9B64-5FDB30E531FC}.Release|Any CPU.ActiveCfg = Release|Any CPU
		{BC74EE37-0FEE-4DE1-9B64-5FDB30E531FC}.Release|Any CPU.Build.0 = Release|Any CPU
		{BC74EE37-0FEE-4DE1-9B64-5FDB30E531FC}.Release|x64.ActiveCfg = Release|Any CPU
		{BC74EE37-0FEE-4DE1-9B64-5FDB30E531FC}.Release|x64.Build.0 = Release|Any CPU
		{BC74EE37-0FEE-4DE1-9B64-5FDB30E531FC}.Release|x86.ActiveCfg = Release|Any CPU
		{BC74EE37-0FEE-4DE1-9B64-5FDB30E531FC}.Release|x86.Build.0 = Release|Any CPU
		{8729C12D-E7A2-45DB-A970-494F8622ECB1}.Debug|Any CPU.ActiveCfg = Debug|Any CPU
		{8729C12D-E7A2-45DB-A970-494F8622ECB1}.Debug|Any CPU.Build.0 = Debug|Any CPU
		{8729C12D-E7A2-45DB-A970-494F8622ECB1}.Debug|x64.ActiveCfg = Debug|Any CPU
		{8729C12D-E7A2-45DB-A970-494F8622ECB1}.Debug|x64.Build.0 = Debug|Any CPU
		{8729C12D-E7A2-45DB-A970-494F8622ECB1}.Debug|x86.ActiveCfg = Debug|Any CPU
		{8729C12D-E7A2-45DB-A970-494F8622ECB1}.Debug|x86.Build.0 = Debug|Any CPU
		{8729C12D-E7A2-45DB-A970-494F8622ECB1}.Release|Any CPU.ActiveCfg = Release|Any CPU
		{8729C12D-E7A2-45DB-A970-494F8622ECB1}.Release|Any CPU.Build.0 = Release|Any CPU
		{8729C12D-E7A2-45DB-A970-494F8622ECB1}.Release|x64.ActiveCfg = Release|Any CPU
		{8729C12D-E7A2-45DB-A970-494F8622ECB1}.Release|x64.Build.0 = Release|Any CPU
		{8729C12D-E7A2-45DB-A970-494F8622ECB1}.Release|x86.ActiveCfg = Release|Any CPU
		{8729C12D-E7A2-45DB-A970-494F8622ECB1}.Release|x86.Build.0 = Release|Any CPU
		{06B133C6-B2DA-49BB-99A3-F5E5050122F4}.Debug|Any CPU.ActiveCfg = Debug|Any CPU
		{06B133C6-B2DA-49BB-99A3-F5E5050122F4}.Debug|Any CPU.Build.0 = Debug|Any CPU
		{06B133C6-B2DA-49BB-99A3-F5E5050122F4}.Debug|x64.ActiveCfg = Debug|Any CPU
		{06B133C6-B2DA-49BB-99A3-F5E5050122F4}.Debug|x64.Build.0 = Debug|Any CPU
		{06B133C6-B2DA-49BB-99A3-F5E5050122F4}.Debug|x86.ActiveCfg = Debug|Any CPU
		{06B133C6-B2DA-49BB-99A3-F5E5050122F4}.Debug|x86.Build.0 = Debug|Any CPU
		{06B133C6-B2DA-49BB-99A3-F5E5050122F4}.Release|Any CPU.ActiveCfg = Release|Any CPU
		{06B133C6-B2DA-49BB-99A3-F5E5050122F4}.Release|Any CPU.Build.0 = Release|Any CPU
		{06B133C6-B2DA-49BB-99A3-F5E5050122F4}.Release|x64.ActiveCfg = Release|Any CPU
		{06B133C6-B2DA-49BB-99A3-F5E5050122F4}.Release|x64.Build.0 = Release|Any CPU
		{06B133C6-B2DA-49BB-99A3-F5E5050122F4}.Release|x86.ActiveCfg = Release|Any CPU
		{06B133C6-B2DA-49BB-99A3-F5E5050122F4}.Release|x86.Build.0 = Release|Any CPU
		{4F3EB954-091F-49C7-9DFD-0CB89E59F2C6}.Debug|Any CPU.ActiveCfg = Debug|Any CPU
		{4F3EB954-091F-49C7-9DFD-0CB89E59F2C6}.Debug|Any CPU.Build.0 = Debug|Any CPU
		{4F3EB954-091F-49C7-9DFD-0CB89E59F2C6}.Debug|x64.ActiveCfg = Debug|Any CPU
		{4F3EB954-091F-49C7-9DFD-0CB89E59F2C6}.Debug|x64.Build.0 = Debug|Any CPU
		{4F3EB954-091F-49C7-9DFD-0CB89E59F2C6}.Debug|x86.ActiveCfg = Debug|Any CPU
		{4F3EB954-091F-49C7-9DFD-0CB89E59F2C6}.Debug|x86.Build.0 = Debug|Any CPU
		{4F3EB954-091F-49C7-9DFD-0CB89E59F2C6}.Release|Any CPU.ActiveCfg = Release|Any CPU
		{4F3EB954-091F-49C7-9DFD-0CB89E59F2C6}.Release|Any CPU.Build.0 = Release|Any CPU
		{4F3EB954-091F-49C7-9DFD-0CB89E59F2C6}.Release|x64.ActiveCfg = Release|Any CPU
		{4F3EB954-091F-49C7-9DFD-0CB89E59F2C6}.Release|x64.Build.0 = Release|Any CPU
		{4F3EB954-091F-49C7-9DFD-0CB89E59F2C6}.Release|x86.ActiveCfg = Release|Any CPU
		{4F3EB954-091F-49C7-9DFD-0CB89E59F2C6}.Release|x86.Build.0 = Release|Any CPU
	EndGlobalSection
	GlobalSection(NestedProjects) = preSolution
		{8729C12D-E7A2-45DB-A970-494F8622ECB1} = {C33EC1D4-5401-47CC-9652-9F2C4A7236E0}
		{06B133C6-B2DA-49BB-99A3-F5E5050122F4} = {C33EC1D4-5401-47CC-9652-9F2C4A7236E0}
		{4F3EB954-091F-49C7-9DFD-0CB89E59F2C6} = {C33EC1D4-5401-47CC-9652-9F2C4A7236E0}
	EndGlobalSection
EndGlobal
